
Microsoft Visual Studio Solution File, Format Version 12.00
# Visual Studio Version 16
VisualStudioVersion = 16.0.29509.3
MinimumVisualStudioVersion = 10.0.40219.1
Project("{FAE04EC0-301F-11D3-BF4B-00C04F79EFBC}") = "Learning.Razor", "Learning.Razor\Learning.Razor.csproj", "{5474B4D5-0E49-42F9-8A14-211200CB80C1}"
EndProject
Global
	GlobalSection(SolutionConfigurationPlatforms) = preSolution
		Debug|Any CPU = Debug|Any CPU
		Release|Any CPU = Release|Any CPU
	EndGlobalSection
	GlobalSection(ProjectConfigurationPlatforms) = postSolution
		{5474B4D5-0E49-42F9-8A14-211200CB80C1}.Debug|Any CPU.ActiveCfg = Debug|Any CPU
		{5474B4D5-0E49-42F9-8A14-211200CB80C1}.Debug|Any CPU.Build.0 = Debug|Any CPU
		{5474B4D5-0E49-42F9-8A14-211200CB80C1}.Release|Any CPU.ActiveCfg = Release|Any CPU
		{5474B4D5-0E49-42F9-8A14-211200CB80C1}.Release|Any CPU.Build.0 = Release|Any CPU
	EndGlobalSection
	GlobalSection(SolutionProperties) = preSolution
		HideSolutionNode = FALSE
	EndGlobalSection
	GlobalSection(ExtensibilityGlobals) = postSolution
		SolutionGuid = {9A05E7CB-3391-4766-9FE1-8CB02F36C819}
	EndGlobalSection
EndGlobal
